
Microsoft Visual Studio Solution File, Format Version 12.00
# Visual Studio Version 17
VisualStudioVersion = 17.4.33403.182
MinimumVisualStudioVersion = 10.0.40219.1
Project("{9A19103F-16F7-4668-BE54-9A1E7A4F7556}") = "LiteDB-Bench", "LiteDB-Bench\LiteDB-Bench.csproj", "{FC7D34EA-7DD5-4E56-9C20-390B9A522319}"
EndProject
Global
	GlobalSection(SolutionConfigurationPlatforms) = preSolution
		Debug|Any CPU = Debug|Any CPU
		Release|Any CPU = Release|Any CPU
	EndGlobalSection
	GlobalSection(ProjectConfigurationPlatforms) = postSolution
		{FC7D34EA-7DD5-4E56-9C20-390B9A522319}.Debug|Any CPU.ActiveCfg = Debug|Any CPU
		{FC7D34EA-7DD5-4E56-9C20-390B9A522319}.Debug|Any CPU.Build.0 = Debug|Any CPU
		{FC7D34EA-7DD5-4E56-9C20-390B9A522319}.Release|Any CPU.ActiveCfg = Release|Any CPU
		{FC7D34EA-7DD5-4E56-9C20-390B9A522319}.Release|Any CPU.Build.0 = Release|Any CPU
	EndGlobalSection
	GlobalSection(SolutionProperties) = preSolution
		HideSolutionNode = FALSE
	EndGlobalSection
	GlobalSection(ExtensibilityGlobals) = postSolution
		SolutionGuid = {40808971-5242-45BF-A55E-C354AFF2ED18}
	EndGlobalSection
EndGlobal
